
Microsoft Visual Studio Solution File, Format Version 12.00
# Visual Studio Version 16
VisualStudioVersion = 16.0.34601.136
MinimumVisualStudioVersion = 10.0.40219.1
Project("{FAE04EC0-301F-11D3-BF4B-00C04F79EFBC}") = "TestWebApplication", "TestWebApplication\TestWebApplication.csproj", "{B8B14276-0AE4-43FB-B89C-995DA0422795}"
EndProject
Global
	GlobalSection(SolutionConfigurationPlatforms) = preSolution
		Debug|Any CPU = Debug|Any CPU
		Release|Any CPU = Release|Any CPU
	EndGlobalSection
	GlobalSection(ProjectConfigurationPlatforms) = postSolution
		{B8B14276-0AE4-43FB-B89C-995DA0422795}.Debug|Any CPU.ActiveCfg = Debug|Any CPU
		{B8B14276-0AE4-43FB-B89C-995DA0422795}.Debug|Any CPU.Build.0 = Debug|Any CPU
		{B8B14276-0AE4-43FB-B89C-995DA0422795}.Release|Any CPU.ActiveCfg = Release|Any CPU
		{B8B14276-0AE4-43FB-B89C-995DA0422795}.Release|Any CPU.Build.0 = Release|Any CPU
	EndGlobalSection
	GlobalSection(SolutionProperties) = preSolution
		HideSolutionNode = FALSE
	EndGlobalSection
	GlobalSection(ExtensibilityGlobals) = postSolution
		SolutionGuid = {BEFC0582-78C8-467C-A75C-90DF62B0F294}
	EndGlobalSection
EndGlobal
